
Microsoft Visual Studio Solution File, Format Version 12.00
Project("{FAE04EC0-301F-11D3-BF4B-00C04F79EFBC}") = "HostelBot.App", "HostelBot.App\HostelBot.App.csproj", "{A0465DDB-C3B7-4CB9-8CBF-B0D582D7ADB8}"
EndProject
Project("{FAE04EC0-301F-11D3-BF4B-00C04F79EFBC}") = "HostelBot.Test", "HostelBot.Test\HostelBot.Test.csproj", "{339C8519-6C3D-440A-BD30-49936FD41843}"
EndProject
Project("{FAE04EC0-301F-11D3-BF4B-00C04F79EFBC}") = "HostelBot.Domain", "HostelBot.Domain\HostelBot.Domain.csproj", "{F9C3C5EC-EF74-46C2-9CE8-2B20A20413B7}"
EndProject
Global
	GlobalSection(SolutionConfigurationPlatforms) = preSolution
		Debug|Any CPU = Debug|Any CPU
		Release|Any CPU = Release|Any CPU
	EndGlobalSection
	GlobalSection(ProjectConfigurationPlatforms) = postSolution
		{A0465DDB-C3B7-4CB9-8CBF-B0D582D7ADB8}.Debug|Any CPU.ActiveCfg = Debug|Any CPU
		{A0465DDB-C3B7-4CB9-8CBF-B0D582D7ADB8}.Debug|Any CPU.Build.0 = Debug|Any CPU
		{A0465DDB-C3B7-4CB9-8CBF-B0D582D7ADB8}.Release|Any CPU.ActiveCfg = Release|Any CPU
		{A0465DDB-C3B7-4CB9-8CBF-B0D582D7ADB8}.Release|Any CPU.Build.0 = Release|Any CPU
		{339C8519-6C3D-440A-BD30-49936FD41843}.Debug|Any CPU.ActiveCfg = Debug|Any CPU
		{339C8519-6C3D-440A-BD30-49936FD41843}.Debug|Any CPU.Build.0 = Debug|Any CPU
		{339C8519-6C3D-440A-BD30-49936FD41843}.Release|Any CPU.ActiveCfg = Release|Any CPU
		{339C8519-6C3D-440A-BD30-49936FD41843}.Release|Any CPU.Build.0 = Release|Any CPU
		{F9C3C5EC-EF74-46C2-9CE8-2B20A20413B7}.Debug|Any CPU.ActiveCfg = Debug|Any CPU
		{F9C3C5EC-EF74-46C2-9CE8-2B20A20413B7}.Debug|Any CPU.Build.0 = Debug|Any CPU
		{F9C3C5EC-EF74-46C2-9CE8-2B20A20413B7}.Release|Any CPU.ActiveCfg = Release|Any CPU
		{F9C3C5EC-EF74-46C2-9CE8-2B20A20413B7}.Release|Any CPU.Build.0 = Release|Any CPU
	EndGlobalSection
EndGlobal
